
Microsoft Visual Studio Solution File, Format Version 12.00
# Visual Studio 14
VisualStudioVersion = 14.0.25420.1
MinimumVisualStudioVersion = 10.0.40219.1
Project("{FAE04EC0-301F-11D3-BF4B-00C04F79EFBC}") = "ListCreationFromFeature", "ListCreationFromFeature\ListCreationFromFeature.csproj", "{C029F9C6-E5AC-4593-B141-3734DD2AE78F}"
EndProject
Project("{FAE04EC0-301F-11D3-BF4B-00C04F79EFBC}") = "DeployUserControlInWebpart", "DeployUserControlInWebpart\DeployUserControlInWebpart.csproj", "{E94E68CB-B458-4A7D-AFB4-033ECEE49376}"
EndProject
Project("{FAE04EC0-301F-11D3-BF4B-00C04F79EFBC}") = "PageLayoutDemo", "PageLayoutDemo\PageLayoutDemo.csproj", "{4382F25F-2D96-4A62-95AB-3885C9D84683}"
EndProject
Project("{FAE04EC0-301F-11D3-BF4B-00C04F79EFBC}") = "ConsoleApplicationExecutingEventReceiver", "ConsoleApplicationExecutingEventReceiver\ConsoleApplicationExecutingEventReceiver.csproj", "{73A1C1F0-EC25-4972-99DE-AC9B381EC77D}"
EndProject
Project("{FAE04EC0-301F-11D3-BF4B-00C04F79EFBC}") = "DemoSiteDefs", "DemoSiteDefs\DemoSiteDefs.csproj", "{66EAB991-9E49-487C-BF15-589E0D34F386}"
EndProject
Project("{FAE04EC0-301F-11D3-BF4B-00C04F79EFBC}") = "LinqMultipleLists", "LinqMultipleLists\LinqMultipleLists.csproj", "{7A83A21E-960C-42E3-A529-622E7C0BC65D}"
EndProject
Project("{FAE04EC0-301F-11D3-BF4B-00C04F79EFBC}") = "ExceptionDemo", "ExceptionDemo\ExceptionDemo\ExceptionDemo.csproj", "{25037867-C545-4320-9F33-009EF3D27FD0}"
EndProject
Project("{FAE04EC0-301F-11D3-BF4B-00C04F79EFBC}") = "JSOMDemo", "JSOMDemo\JSOMDemo\JSOMDemo.csproj", "{14DC8C14-7C40-4F24-A5E0-0074684C0289}"
EndProject
Project("{FAE04EC0-301F-11D3-BF4B-00C04F79EFBC}") = "JoinList", "JoinList\JoinList.csproj", "{C609C6E4-0E5E-463F-A348-4FC5F6D6A867}"
EndProject
Project("{FAE04EC0-301F-11D3-BF4B-00C04F79EFBC}") = "SilverlightApplication1", "SilverlightApplication1\SilverlightApplication1.csproj", "{7121B869-196B-434D-8D64-181A75C1276C}"
EndProject
Project("{FAE04EC0-301F-11D3-BF4B-00C04F79EFBC}") = "HVE.SharePoint", "HVESolution\HVE.SharePoint\HVE.SharePoint.csproj", "{8E0BB0A7-1000-4B26-8613-B7939F969DE8}"
EndProject
Project("{FAE04EC0-301F-11D3-BF4B-00C04F79EFBC}") = "ECMADemo", "ECMADemo\ECMADemo.csproj", "{7D4C6E0E-71FC-4574-BBB3-A7130D1D9E82}"
EndProject
Project("{FAE04EC0-301F-11D3-BF4B-00C04F79EFBC}") = "REST", "REST\REST.csproj", "{E2588362-3BC5-4E69-A6B2-3A63FB32828E}"
EndProject
Project("{FAE04EC0-301F-11D3-BF4B-00C04F79EFBC}") = "ProviderHostedAppDemo", "ProviderHostedAppDemo\ProviderHostedAppDemo.csproj", "{59C02B50-62E7-458D-9007-14D93354E1FA}"
EndProject
Project("{FAE04EC0-301F-11D3-BF4B-00C04F79EFBC}") = "ProviderHostedAppDemoWeb", "ProviderHostedAppDemoWeb\ProviderHostedAppDemoWeb.csproj", "{943C3743-2E60-42C5-B6AC-9C8C8397AF46}"
EndProject
Project("{FAE04EC0-301F-11D3-BF4B-00C04F79EFBC}") = "JavaScriptFarmDemos", "JavaScriptFarmDemos\JavaScriptFarmDemos.csproj", "{95B516F4-9CA6-4823-9E38-597687A4CBD4}"
EndProject
Project("{FAE04EC0-301F-11D3-BF4B-00C04F79EFBC}") = "Niks.SP2010.SPHostedWCFService", "Niks.SP2010.SPHostedWCFService\Niks.SP2010.SPHostedWCFService.csproj", "{1E0B93E9-7F45-4DFB-BC44-9128ED73D2B0}"
EndProject
Project("{FAE04EC0-301F-11D3-BF4B-00C04F79EFBC}") = "JSONWebService", "JSONWebService\JSONWebService.csproj", "{2F866137-C15D-403D-A774-A8456A52DD44}"
EndProject
Project("{FAE04EC0-301F-11D3-BF4B-00C04F79EFBC}") = "TestPOSTWebService", "..\TestPOSTWebService\TestPOSTWebService\TestPOSTWebService\TestPOSTWebService.csproj", "{E5D1B9FF-EC54-48B7-A861-E1B23621D8EC}"
EndProject
Project("{FAE04EC0-301F-11D3-BF4B-00C04F79EFBC}") = "ExportToSPList", "ExportToSPList\ExportToSPList.csproj", "{839F19AE-870A-498C-A974-8158A2081429}"
EndProject
Project("{FAE04EC0-301F-11D3-BF4B-00C04F79EFBC}") = "CreateTaskList", "CreateTaskList\CreateTaskList.csproj", "{BBC878E9-E61F-443A-9B62-13E7761E5266}"
EndProject
Project("{FAE04EC0-301F-11D3-BF4B-00C04F79EFBC}") = "SharePointProj666", "SharePointProj666\SharePointProj666.csproj", "{CAB25DAE-1F55-401C-AEDB-AF597CD34C52}"
EndProject
Project("{FAE04EC0-301F-11D3-BF4B-00C04F79EFBC}") = "SharePointProj8", "SharePointProj8\SharePointProj8.csproj", "{3D8BF7D3-650A-420F-885A-7075456954CD}"
EndProject
Project("{FAE04EC0-301F-11D3-BF4B-00C04F79EFBC}") = "AngularWebApplication", "AngularWebApplication\AngularWebApplication.csproj", "{34B158A8-B83D-4A65-BB42-6D553D52CB14}"
EndProject
Project("{F184B08F-C81C-45F6-A57F-5ABD9991F28F}") = "WebApplication1", "WebApplication1\WebApplication1.vbproj", "{CF45B497-1F99-4FCC-9C4E-BF963BB77653}"
EndProject
Project("{FAE04EC0-301F-11D3-BF4B-00C04F79EFBC}") = "AngularRestCrud", "AngularRestCrud\AngularRestCrud.csproj", "{D2F2C4B8-0391-4B72-BA22-07EF481E6A45}"
EndProject
Project("{FAE04EC0-301F-11D3-BF4B-00C04F79EFBC}") = "SriptLinkUtil", "ScriptLinkUtil\SriptLinkUtil.csproj", "{7A46D5AD-80BE-4B6C-9991-7E10B4E38EF6}"
EndProject
Project("{FAE04EC0-301F-11D3-BF4B-00C04F79EFBC}") = "AngNoteApp", "AngNoteApp\AngNoteApp.csproj", "{F94E78D4-C9F6-46BA-8CF6-560D3E6390CF}"
EndProject
Project("{FAE04EC0-301F-11D3-BF4B-00C04F79EFBC}") = "AngularApp1", "AngularApp1\AngularApp1.csproj", "{B726E45E-4B7B-4F54-9B34-BE839C7FF4C9}"
EndProject
Project("{FAE04EC0-301F-11D3-BF4B-00C04F79EFBC}") = "MusicSite", "MusicSite\MusicSite.csproj", "{4479C3D5-A279-4159-8235-15C5E72F9E68}"
EndProject
Project("{FAE04EC0-301F-11D3-BF4B-00C04F79EFBC}") = "BootstrapProj", "BootstrapAdminTemplate\BootstrapProj.csproj", "{51CA26B5-AE3D-476E-BC12-5FED80BD4CDF}"
EndProject
Project("{FAE04EC0-301F-11D3-BF4B-00C04F79EFBC}") = "Sadara.DigiCom.ReportFinder", "Sadara.DigiCom.ReportFinder\Sadara.DigiCom.ReportFinder.csproj", "{221097E8-F123-49AA-9A61-B699F4DECAA6}"
EndProject
Project("{FAE04EC0-301F-11D3-BF4B-00C04F79EFBC}") = "AerryTax", "AerryTax\AerryTax.csproj", "{D778618E-D116-4216-8EF5-5369B2B52B97}"
EndProject
Project("{FAE04EC0-301F-11D3-BF4B-00C04F79EFBC}") = "HyperlinksApp", "HyperlinksApp\HyperlinksApp.csproj", "{34EDF566-D143-4A2E-A47A-D79AE41971D5}"
EndProject
Project("{FAE04EC0-301F-11D3-BF4B-00C04F79EFBC}") = "AngularServices", "AngularServices\AngularServices.csproj", "{B211540A-EA0B-4D12-92D6-E996F853A170}"
EndProject
Project("{FAE04EC0-301F-11D3-BF4B-00C04F79EFBC}") = "DisplayLinks", "DisplayLinks\DisplayLinks.csproj", "{D8881D11-B374-4A37-B54A-142C71517758}"
EndProject
Project("{FAE04EC0-301F-11D3-BF4B-00C04F79EFBC}") = "StylusAndLocation", "StylusAndLocation\StylusAndLocation.csproj", "{C19B1D60-1B8C-4286-BC74-8A74E07009B7}"
EndProject
Project("{FAE04EC0-301F-11D3-BF4B-00C04F79EFBC}") = "MobileInfo", "MobileInfo\MobileInfo.csproj", "{DED24C3D-A3BC-426F-AD08-C58D2D2C1E5E}"
EndProject
Project("{FAE04EC0-301F-11D3-BF4B-00C04F79EFBC}") = "WeatherWidget", "WeatherWidget\WeatherWidget.csproj", "{F4B0A026-76E8-423E-867E-BC35CC5093A1}"
EndProject
Project("{FAE04EC0-301F-11D3-BF4B-00C04F79EFBC}") = "RemoteReceiver", "RemoteReceiver\RemoteReceiver.csproj", "{12D4D268-9123-4BEC-A506-F6574B9E703B}"
EndProject
Project("{FAE04EC0-301F-11D3-BF4B-00C04F79EFBC}") = "RemoteReceiverWeb", "RemoteReceiverWeb\RemoteReceiverWeb.csproj", "{46FFE65F-E892-446F-87A0-6AE975C7DAFA}"
EndProject
Project("{FAE04EC0-301F-11D3-BF4B-00C04F79EFBC}") = "DeviceInfo", "DeviceInfo\DeviceInfo.csproj", "{9A68247A-95BE-4F62-AC53-51BC746FCAAA}"
EndProject
Project("{FAE04EC0-301F-11D3-BF4B-00C04F79EFBC}") = "Angular2a", "Angular2a\Angular2a.csproj", "{01A7DCCB-3F1B-437F-A191-A8012865CFC3}"
EndProject
Global
	GlobalSection(SolutionConfigurationPlatforms) = preSolution
		Debug|Any CPU = Debug|Any CPU
		Release|Any CPU = Release|Any CPU
	EndGlobalSection
	GlobalSection(ProjectConfigurationPlatforms) = postSolution
		{C029F9C6-E5AC-4593-B141-3734DD2AE78F}.Debug|Any CPU.ActiveCfg = Debug|Any CPU
		{C029F9C6-E5AC-4593-B141-3734DD2AE78F}.Debug|Any CPU.Build.0 = Debug|Any CPU
		{C029F9C6-E5AC-4593-B141-3734DD2AE78F}.Debug|Any CPU.Deploy.0 = Debug|Any CPU
		{C029F9C6-E5AC-4593-B141-3734DD2AE78F}.Release|Any CPU.ActiveCfg = Release|Any CPU
		{C029F9C6-E5AC-4593-B141-3734DD2AE78F}.Release|Any CPU.Build.0 = Release|Any CPU
		{C029F9C6-E5AC-4593-B141-3734DD2AE78F}.Release|Any CPU.Deploy.0 = Release|Any CPU
		{E94E68CB-B458-4A7D-AFB4-033ECEE49376}.Debug|Any CPU.ActiveCfg = Debug|Any CPU
		{E94E68CB-B458-4A7D-AFB4-033ECEE49376}.Debug|Any CPU.Build.0 = Debug|Any CPU
		{E94E68CB-B458-4A7D-AFB4-033ECEE49376}.Debug|Any CPU.Deploy.0 = Debug|Any CPU
		{E94E68CB-B458-4A7D-AFB4-033ECEE49376}.Release|Any CPU.ActiveCfg = Release|Any CPU
		{E94E68CB-B458-4A7D-AFB4-033ECEE49376}.Release|Any CPU.Build.0 = Release|Any CPU
		{E94E68CB-B458-4A7D-AFB4-033ECEE49376}.Release|Any CPU.Deploy.0 = Release|Any CPU
		{4382F25F-2D96-4A62-95AB-3885C9D84683}.Debug|Any CPU.ActiveCfg = Debug|Any CPU
		{4382F25F-2D96-4A62-95AB-3885C9D84683}.Debug|Any CPU.Build.0 = Debug|Any CPU
		{4382F25F-2D96-4A62-95AB-3885C9D84683}.Debug|Any CPU.Deploy.0 = Debug|Any CPU
		{4382F25F-2D96-4A62-95AB-3885C9D84683}.Release|Any CPU.ActiveCfg = Release|Any CPU
		{4382F25F-2D96-4A62-95AB-3885C9D84683}.Release|Any CPU.Build.0 = Release|Any CPU
		{4382F25F-2D96-4A62-95AB-3885C9D84683}.Release|Any CPU.Deploy.0 = Release|Any CPU
		{73A1C1F0-EC25-4972-99DE-AC9B381EC77D}.Debug|Any CPU.ActiveCfg = Debug|Any CPU
		{73A1C1F0-EC25-4972-99DE-AC9B381EC77D}.Debug|Any CPU.Build.0 = Debug|Any CPU
		{73A1C1F0-EC25-4972-99DE-AC9B381EC77D}.Release|Any CPU.ActiveCfg = Release|Any CPU
		{73A1C1F0-EC25-4972-99DE-AC9B381EC77D}.Release|Any CPU.Build.0 = Release|Any CPU
		{66EAB991-9E49-487C-BF15-589E0D34F386}.Debug|Any CPU.ActiveCfg = Debug|Any CPU
		{66EAB991-9E49-487C-BF15-589E0D34F386}.Debug|Any CPU.Build.0 = Debug|Any CPU
		{66EAB991-9E49-487C-BF15-589E0D34F386}.Debug|Any CPU.Deploy.0 = Debug|Any CPU
		{66EAB991-9E49-487C-BF15-589E0D34F386}.Release|Any CPU.ActiveCfg = Release|Any CPU
		{66EAB991-9E49-487C-BF15-589E0D34F386}.Release|Any CPU.Build.0 = Release|Any CPU
		{66EAB991-9E49-487C-BF15-589E0D34F386}.Release|Any CPU.Deploy.0 = Release|Any CPU
		{7A83A21E-960C-42E3-A529-622E7C0BC65D}.Debug|Any CPU.ActiveCfg = Debug|Any CPU
		{7A83A21E-960C-42E3-A529-622E7C0BC65D}.Debug|Any CPU.Build.0 = Debug|Any CPU
		{7A83A21E-960C-42E3-A529-622E7C0BC65D}.Debug|Any CPU.Deploy.0 = Debug|Any CPU
		{7A83A21E-960C-42E3-A529-622E7C0BC65D}.Release|Any CPU.ActiveCfg = Release|Any CPU
		{7A83A21E-960C-42E3-A529-622E7C0BC65D}.Release|Any CPU.Build.0 = Release|Any CPU
		{7A83A21E-960C-42E3-A529-622E7C0BC65D}.Release|Any CPU.Deploy.0 = Release|Any CPU
		{25037867-C545-4320-9F33-009EF3D27FD0}.Debug|Any CPU.ActiveCfg = Debug|Any CPU
		{25037867-C545-4320-9F33-009EF3D27FD0}.Debug|Any CPU.Build.0 = Debug|Any CPU
		{25037867-C545-4320-9F33-009EF3D27FD0}.Debug|Any CPU.Deploy.0 = Debug|Any CPU
		{25037867-C545-4320-9F33-009EF3D27FD0}.Release|Any CPU.ActiveCfg = Release|Any CPU
		{25037867-C545-4320-9F33-009EF3D27FD0}.Release|Any CPU.Build.0 = Release|Any CPU
		{25037867-C545-4320-9F33-009EF3D27FD0}.Release|Any CPU.Deploy.0 = Release|Any CPU
		{14DC8C14-7C40-4F24-A5E0-0074684C0289}.Debug|Any CPU.ActiveCfg = Debug|Any CPU
		{14DC8C14-7C40-4F24-A5E0-0074684C0289}.Debug|Any CPU.Build.0 = Debug|Any CPU
		{14DC8C14-7C40-4F24-A5E0-0074684C0289}.Debug|Any CPU.Deploy.0 = Debug|Any CPU
		{14DC8C14-7C40-4F24-A5E0-0074684C0289}.Release|Any CPU.ActiveCfg = Release|Any CPU
		{14DC8C14-7C40-4F24-A5E0-0074684C0289}.Release|Any CPU.Build.0 = Release|Any CPU
		{14DC8C14-7C40-4F24-A5E0-0074684C0289}.Release|Any CPU.Deploy.0 = Release|Any CPU
		{C609C6E4-0E5E-463F-A348-4FC5F6D6A867}.Debug|Any CPU.ActiveCfg = Debug|Any CPU
		{C609C6E4-0E5E-463F-A348-4FC5F6D6A867}.Debug|Any CPU.Build.0 = Debug|Any CPU
		{C609C6E4-0E5E-463F-A348-4FC5F6D6A867}.Debug|Any CPU.Deploy.0 = Debug|Any CPU
		{C609C6E4-0E5E-463F-A348-4FC5F6D6A867}.Release|Any CPU.ActiveCfg = Release|Any CPU
		{C609C6E4-0E5E-463F-A348-4FC5F6D6A867}.Release|Any CPU.Build.0 = Release|Any CPU
		{C609C6E4-0E5E-463F-A348-4FC5F6D6A867}.Release|Any CPU.Deploy.0 = Release|Any CPU
		{7121B869-196B-434D-8D64-181A75C1276C}.Debug|Any CPU.ActiveCfg = Debug|Any CPU
		{7121B869-196B-434D-8D64-181A75C1276C}.Debug|Any CPU.Build.0 = Debug|Any CPU
		{7121B869-196B-434D-8D64-181A75C1276C}.Release|Any CPU.ActiveCfg = Release|Any CPU
		{7121B869-196B-434D-8D64-181A75C1276C}.Release|Any CPU.Build.0 = Release|Any CPU
		{8E0BB0A7-1000-4B26-8613-B7939F969DE8}.Debug|Any CPU.ActiveCfg = Debug|Any CPU
		{8E0BB0A7-1000-4B26-8613-B7939F969DE8}.Debug|Any CPU.Build.0 = Debug|Any CPU
		{8E0BB0A7-1000-4B26-8613-B7939F969DE8}.Debug|Any CPU.Deploy.0 = Debug|Any CPU
		{8E0BB0A7-1000-4B26-8613-B7939F969DE8}.Release|Any CPU.ActiveCfg = Release|Any CPU
		{8E0BB0A7-1000-4B26-8613-B7939F969DE8}.Release|Any CPU.Build.0 = Release|Any CPU
		{8E0BB0A7-1000-4B26-8613-B7939F969DE8}.Release|Any CPU.Deploy.0 = Release|Any CPU
		{7D4C6E0E-71FC-4574-BBB3-A7130D1D9E82}.Debug|Any CPU.ActiveCfg = Debug|Any CPU
		{7D4C6E0E-71FC-4574-BBB3-A7130D1D9E82}.Debug|Any CPU.Build.0 = Debug|Any CPU
		{7D4C6E0E-71FC-4574-BBB3-A7130D1D9E82}.Debug|Any CPU.Deploy.0 = Debug|Any CPU
		{7D4C6E0E-71FC-4574-BBB3-A7130D1D9E82}.Release|Any CPU.ActiveCfg = Release|Any CPU
		{7D4C6E0E-71FC-4574-BBB3-A7130D1D9E82}.Release|Any CPU.Build.0 = Release|Any CPU
		{7D4C6E0E-71FC-4574-BBB3-A7130D1D9E82}.Release|Any CPU.Deploy.0 = Release|Any CPU
		{E2588362-3BC5-4E69-A6B2-3A63FB32828E}.Debug|Any CPU.ActiveCfg = Debug|Any CPU
		{E2588362-3BC5-4E69-A6B2-3A63FB32828E}.Debug|Any CPU.Build.0 = Debug|Any CPU
		{E2588362-3BC5-4E69-A6B2-3A63FB32828E}.Debug|Any CPU.Deploy.0 = Debug|Any CPU
		{E2588362-3BC5-4E69-A6B2-3A63FB32828E}.Release|Any CPU.ActiveCfg = Release|Any CPU
		{E2588362-3BC5-4E69-A6B2-3A63FB32828E}.Release|Any CPU.Build.0 = Release|Any CPU
		{E2588362-3BC5-4E69-A6B2-3A63FB32828E}.Release|Any CPU.Deploy.0 = Release|Any CPU
		{59C02B50-62E7-458D-9007-14D93354E1FA}.Debug|Any CPU.ActiveCfg = Debug|Any CPU
		{59C02B50-62E7-458D-9007-14D93354E1FA}.Debug|Any CPU.Build.0 = Debug|Any CPU
		{59C02B50-62E7-458D-9007-14D93354E1FA}.Debug|Any CPU.Deploy.0 = Debug|Any CPU
		{59C02B50-62E7-458D-9007-14D93354E1FA}.Release|Any CPU.ActiveCfg = Release|Any CPU
		{59C02B50-62E7-458D-9007-14D93354E1FA}.Release|Any CPU.Build.0 = Release|Any CPU
		{59C02B50-62E7-458D-9007-14D93354E1FA}.Release|Any CPU.Deploy.0 = Release|Any CPU
		{943C3743-2E60-42C5-B6AC-9C8C8397AF46}.Debug|Any CPU.ActiveCfg = Debug|Any CPU
		{943C3743-2E60-42C5-B6AC-9C8C8397AF46}.Debug|Any CPU.Build.0 = Debug|Any CPU
		{943C3743-2E60-42C5-B6AC-9C8C8397AF46}.Release|Any CPU.ActiveCfg = Release|Any CPU
		{943C3743-2E60-42C5-B6AC-9C8C8397AF46}.Release|Any CPU.Build.0 = Release|Any CPU
		{95B516F4-9CA6-4823-9E38-597687A4CBD4}.Debug|Any CPU.ActiveCfg = Debug|Any CPU
		{95B516F4-9CA6-4823-9E38-597687A4CBD4}.Debug|Any CPU.Build.0 = Debug|Any CPU
		{95B516F4-9CA6-4823-9E38-597687A4CBD4}.Debug|Any CPU.Deploy.0 = Debug|Any CPU
		{95B516F4-9CA6-4823-9E38-597687A4CBD4}.Release|Any CPU.ActiveCfg = Release|Any CPU
		{95B516F4-9CA6-4823-9E38-597687A4CBD4}.Release|Any CPU.Build.0 = Release|Any CPU
		{95B516F4-9CA6-4823-9E38-597687A4CBD4}.Release|Any CPU.Deploy.0 = Release|Any CPU
		{1E0B93E9-7F45-4DFB-BC44-9128ED73D2B0}.Debug|Any CPU.ActiveCfg = Debug|Any CPU
		{1E0B93E9-7F45-4DFB-BC44-9128ED73D2B0}.Debug|Any CPU.Build.0 = Debug|Any CPU
		{1E0B93E9-7F45-4DFB-BC44-9128ED73D2B0}.Debug|Any CPU.Deploy.0 = Debug|Any CPU
		{1E0B93E9-7F45-4DFB-BC44-9128ED73D2B0}.Release|Any CPU.ActiveCfg = Release|Any CPU
		{1E0B93E9-7F45-4DFB-BC44-9128ED73D2B0}.Release|Any CPU.Build.0 = Release|Any CPU
		{1E0B93E9-7F45-4DFB-BC44-9128ED73D2B0}.Release|Any CPU.Deploy.0 = Release|Any CPU
		{2F866137-C15D-403D-A774-A8456A52DD44}.Debug|Any CPU.ActiveCfg = Debug|Any CPU
		{2F866137-C15D-403D-A774-A8456A52DD44}.Debug|Any CPU.Build.0 = Debug|Any CPU
		{2F866137-C15D-403D-A774-A8456A52DD44}.Release|Any CPU.ActiveCfg = Release|Any CPU
		{2F866137-C15D-403D-A774-A8456A52DD44}.Release|Any CPU.Build.0 = Release|Any CPU
		{E5D1B9FF-EC54-48B7-A861-E1B23621D8EC}.Debug|Any CPU.ActiveCfg = Debug|Any CPU
		{E5D1B9FF-EC54-48B7-A861-E1B23621D8EC}.Debug|Any CPU.Build.0 = Debug|Any CPU
		{E5D1B9FF-EC54-48B7-A861-E1B23621D8EC}.Release|Any CPU.ActiveCfg = Release|Any CPU
		{E5D1B9FF-EC54-48B7-A861-E1B23621D8EC}.Release|Any CPU.Build.0 = Release|Any CPU
		{839F19AE-870A-498C-A974-8158A2081429}.Debug|Any CPU.ActiveCfg = Debug|Any CPU
		{839F19AE-870A-498C-A974-8158A2081429}.Debug|Any CPU.Build.0 = Debug|Any CPU
		{839F19AE-870A-498C-A974-8158A2081429}.Release|Any CPU.ActiveCfg = Release|Any CPU
		{839F19AE-870A-498C-A974-8158A2081429}.Release|Any CPU.Build.0 = Release|Any CPU
		{BBC878E9-E61F-443A-9B62-13E7761E5266}.Debug|Any CPU.ActiveCfg = Debug|Any CPU
		{BBC878E9-E61F-443A-9B62-13E7761E5266}.Debug|Any CPU.Build.0 = Debug|Any CPU
		{BBC878E9-E61F-443A-9B62-13E7761E5266}.Debug|Any CPU.Deploy.0 = Debug|Any CPU
		{BBC878E9-E61F-443A-9B62-13E7761E5266}.Release|Any CPU.ActiveCfg = Release|Any CPU
		{BBC878E9-E61F-443A-9B62-13E7761E5266}.Release|Any CPU.Build.0 = Release|Any CPU
		{BBC878E9-E61F-443A-9B62-13E7761E5266}.Release|Any CPU.Deploy.0 = Release|Any CPU
		{CAB25DAE-1F55-401C-AEDB-AF597CD34C52}.Debug|Any CPU.ActiveCfg = Debug|Any CPU
		{CAB25DAE-1F55-401C-AEDB-AF597CD34C52}.Debug|Any CPU.Build.0 = Debug|Any CPU
		{CAB25DAE-1F55-401C-AEDB-AF597CD34C52}.Debug|Any CPU.Deploy.0 = Debug|Any CPU
		{CAB25DAE-1F55-401C-AEDB-AF597CD34C52}.Release|Any CPU.ActiveCfg = Release|Any CPU
		{CAB25DAE-1F55-401C-AEDB-AF597CD34C52}.Release|Any CPU.Build.0 = Release|Any CPU
		{CAB25DAE-1F55-401C-AEDB-AF597CD34C52}.Release|Any CPU.Deploy.0 = Release|Any CPU
		{3D8BF7D3-650A-420F-885A-7075456954CD}.Debug|Any CPU.ActiveCfg = Debug|Any CPU
		{3D8BF7D3-650A-420F-885A-7075456954CD}.Debug|Any CPU.Build.0 = Debug|Any CPU
		{3D8BF7D3-650A-420F-885A-7075456954CD}.Debug|Any CPU.Deploy.0 = Debug|Any CPU
		{3D8BF7D3-650A-420F-885A-7075456954CD}.Release|Any CPU.ActiveCfg = Release|Any CPU
		{3D8BF7D3-650A-420F-885A-7075456954CD}.Release|Any CPU.Build.0 = Release|Any CPU
		{3D8BF7D3-650A-420F-885A-7075456954CD}.Release|Any CPU.Deploy.0 = Release|Any CPU
		{34B158A8-B83D-4A65-BB42-6D553D52CB14}.Debug|Any CPU.ActiveCfg = Debug|Any CPU
		{34B158A8-B83D-4A65-BB42-6D553D52CB14}.Debug|Any CPU.Build.0 = Debug|Any CPU
		{34B158A8-B83D-4A65-BB42-6D553D52CB14}.Release|Any CPU.ActiveCfg = Release|Any CPU
		{34B158A8-B83D-4A65-BB42-6D553D52CB14}.Release|Any CPU.Build.0 = Release|Any CPU
		{CF45B497-1F99-4FCC-9C4E-BF963BB77653}.Debug|Any CPU.ActiveCfg = Debug|Any CPU
		{CF45B497-1F99-4FCC-9C4E-BF963BB77653}.Debug|Any CPU.Build.0 = Debug|Any CPU
		{CF45B497-1F99-4FCC-9C4E-BF963BB77653}.Release|Any CPU.ActiveCfg = Release|Any CPU
		{CF45B497-1F99-4FCC-9C4E-BF963BB77653}.Release|Any CPU.Build.0 = Release|Any CPU
		{D2F2C4B8-0391-4B72-BA22-07EF481E6A45}.Debug|Any CPU.ActiveCfg = Debug|Any CPU
		{D2F2C4B8-0391-4B72-BA22-07EF481E6A45}.Debug|Any CPU.Build.0 = Debug|Any CPU
		{D2F2C4B8-0391-4B72-BA22-07EF481E6A45}.Debug|Any CPU.Deploy.0 = Debug|Any CPU
		{D2F2C4B8-0391-4B72-BA22-07EF481E6A45}.Release|Any CPU.ActiveCfg = Release|Any CPU
		{D2F2C4B8-0391-4B72-BA22-07EF481E6A45}.Release|Any CPU.Build.0 = Release|Any CPU
		{D2F2C4B8-0391-4B72-BA22-07EF481E6A45}.Release|Any CPU.Deploy.0 = Release|Any CPU
		{7A46D5AD-80BE-4B6C-9991-7E10B4E38EF6}.Debug|Any CPU.ActiveCfg = Debug|Any CPU
		{7A46D5AD-80BE-4B6C-9991-7E10B4E38EF6}.Debug|Any CPU.Build.0 = Debug|Any CPU
		{7A46D5AD-80BE-4B6C-9991-7E10B4E38EF6}.Release|Any CPU.ActiveCfg = Release|Any CPU
		{7A46D5AD-80BE-4B6C-9991-7E10B4E38EF6}.Release|Any CPU.Build.0 = Release|Any CPU
		{F94E78D4-C9F6-46BA-8CF6-560D3E6390CF}.Debug|Any CPU.ActiveCfg = Debug|Any CPU
		{F94E78D4-C9F6-46BA-8CF6-560D3E6390CF}.Debug|Any CPU.Build.0 = Debug|Any CPU
		{F94E78D4-C9F6-46BA-8CF6-560D3E6390CF}.Debug|Any CPU.Deploy.0 = Debug|Any CPU
		{F94E78D4-C9F6-46BA-8CF6-560D3E6390CF}.Release|Any CPU.ActiveCfg = Release|Any CPU
		{F94E78D4-C9F6-46BA-8CF6-560D3E6390CF}.Release|Any CPU.Build.0 = Release|Any CPU
		{F94E78D4-C9F6-46BA-8CF6-560D3E6390CF}.Release|Any CPU.Deploy.0 = Release|Any CPU
		{B726E45E-4B7B-4F54-9B34-BE839C7FF4C9}.Debug|Any CPU.ActiveCfg = Debug|Any CPU
		{B726E45E-4B7B-4F54-9B34-BE839C7FF4C9}.Debug|Any CPU.Build.0 = Debug|Any CPU
		{B726E45E-4B7B-4F54-9B34-BE839C7FF4C9}.Debug|Any CPU.Deploy.0 = Debug|Any CPU
		{B726E45E-4B7B-4F54-9B34-BE839C7FF4C9}.Release|Any CPU.ActiveCfg = Release|Any CPU
		{B726E45E-4B7B-4F54-9B34-BE839C7FF4C9}.Release|Any CPU.Build.0 = Release|Any CPU
		{B726E45E-4B7B-4F54-9B34-BE839C7FF4C9}.Release|Any CPU.Deploy.0 = Release|Any CPU
		{4479C3D5-A279-4159-8235-15C5E72F9E68}.Debug|Any CPU.ActiveCfg = Debug|Any CPU
		{4479C3D5-A279-4159-8235-15C5E72F9E68}.Debug|Any CPU.Build.0 = Debug|Any CPU
		{4479C3D5-A279-4159-8235-15C5E72F9E68}.Release|Any CPU.ActiveCfg = Release|Any CPU
		{4479C3D5-A279-4159-8235-15C5E72F9E68}.Release|Any CPU.Build.0 = Release|Any CPU
		{51CA26B5-AE3D-476E-BC12-5FED80BD4CDF}.Debug|Any CPU.ActiveCfg = Debug|Any CPU
		{51CA26B5-AE3D-476E-BC12-5FED80BD4CDF}.Debug|Any CPU.Build.0 = Debug|Any CPU
		{51CA26B5-AE3D-476E-BC12-5FED80BD4CDF}.Release|Any CPU.ActiveCfg = Release|Any CPU
		{51CA26B5-AE3D-476E-BC12-5FED80BD4CDF}.Release|Any CPU.Build.0 = Release|Any CPU
		{221097E8-F123-49AA-9A61-B699F4DECAA6}.Debug|Any CPU.ActiveCfg = Debug|Any CPU
		{221097E8-F123-49AA-9A61-B699F4DECAA6}.Debug|Any CPU.Build.0 = Debug|Any CPU
		{221097E8-F123-49AA-9A61-B699F4DECAA6}.Debug|Any CPU.Deploy.0 = Debug|Any CPU
		{221097E8-F123-49AA-9A61-B699F4DECAA6}.Release|Any CPU.ActiveCfg = Release|Any CPU
		{221097E8-F123-49AA-9A61-B699F4DECAA6}.Release|Any CPU.Build.0 = Release|Any CPU
		{221097E8-F123-49AA-9A61-B699F4DECAA6}.Release|Any CPU.Deploy.0 = Release|Any CPU
		{D778618E-D116-4216-8EF5-5369B2B52B97}.Debug|Any CPU.ActiveCfg = Debug|Any CPU
		{D778618E-D116-4216-8EF5-5369B2B52B97}.Debug|Any CPU.Build.0 = Debug|Any CPU
		{D778618E-D116-4216-8EF5-5369B2B52B97}.Release|Any CPU.ActiveCfg = Release|Any CPU
		{D778618E-D116-4216-8EF5-5369B2B52B97}.Release|Any CPU.Build.0 = Release|Any CPU
		{34EDF566-D143-4A2E-A47A-D79AE41971D5}.Debug|Any CPU.ActiveCfg = Debug|Any CPU
		{34EDF566-D143-4A2E-A47A-D79AE41971D5}.Debug|Any CPU.Build.0 = Debug|Any CPU
		{34EDF566-D143-4A2E-A47A-D79AE41971D5}.Debug|Any CPU.Deploy.0 = Debug|Any CPU
		{34EDF566-D143-4A2E-A47A-D79AE41971D5}.Release|Any CPU.ActiveCfg = Release|Any CPU
		{34EDF566-D143-4A2E-A47A-D79AE41971D5}.Release|Any CPU.Build.0 = Release|Any CPU
		{34EDF566-D143-4A2E-A47A-D79AE41971D5}.Release|Any CPU.Deploy.0 = Release|Any CPU
		{B211540A-EA0B-4D12-92D6-E996F853A170}.Debug|Any CPU.ActiveCfg = Debug|Any CPU
		{B211540A-EA0B-4D12-92D6-E996F853A170}.Debug|Any CPU.Build.0 = Debug|Any CPU
		{B211540A-EA0B-4D12-92D6-E996F853A170}.Debug|Any CPU.Deploy.0 = Debug|Any CPU
		{B211540A-EA0B-4D12-92D6-E996F853A170}.Release|Any CPU.ActiveCfg = Release|Any CPU
		{B211540A-EA0B-4D12-92D6-E996F853A170}.Release|Any CPU.Build.0 = Release|Any CPU
		{B211540A-EA0B-4D12-92D6-E996F853A170}.Release|Any CPU.Deploy.0 = Release|Any CPU
		{D8881D11-B374-4A37-B54A-142C71517758}.Debug|Any CPU.ActiveCfg = Debug|Any CPU
		{D8881D11-B374-4A37-B54A-142C71517758}.Debug|Any CPU.Build.0 = Debug|Any CPU
		{D8881D11-B374-4A37-B54A-142C71517758}.Debug|Any CPU.Deploy.0 = Debug|Any CPU
		{D8881D11-B374-4A37-B54A-142C71517758}.Release|Any CPU.ActiveCfg = Release|Any CPU
		{D8881D11-B374-4A37-B54A-142C71517758}.Release|Any CPU.Build.0 = Release|Any CPU
		{D8881D11-B374-4A37-B54A-142C71517758}.Release|Any CPU.Deploy.0 = Release|Any CPU
		{C19B1D60-1B8C-4286-BC74-8A74E07009B7}.Debug|Any CPU.ActiveCfg = Debug|Any CPU
		{C19B1D60-1B8C-4286-BC74-8A74E07009B7}.Debug|Any CPU.Build.0 = Debug|Any CPU
		{C19B1D60-1B8C-4286-BC74-8A74E07009B7}.Debug|Any CPU.Deploy.0 = Debug|Any CPU
		{C19B1D60-1B8C-4286-BC74-8A74E07009B7}.Release|Any CPU.ActiveCfg = Release|Any CPU
		{C19B1D60-1B8C-4286-BC74-8A74E07009B7}.Release|Any CPU.Build.0 = Release|Any CPU
		{C19B1D60-1B8C-4286-BC74-8A74E07009B7}.Release|Any CPU.Deploy.0 = Release|Any CPU
		{DED24C3D-A3BC-426F-AD08-C58D2D2C1E5E}.Debug|Any CPU.ActiveCfg = Debug|Any CPU
		{DED24C3D-A3BC-426F-AD08-C58D2D2C1E5E}.Debug|Any CPU.Build.0 = Debug|Any CPU
		{DED24C3D-A3BC-426F-AD08-C58D2D2C1E5E}.Debug|Any CPU.Deploy.0 = Debug|Any CPU
		{DED24C3D-A3BC-426F-AD08-C58D2D2C1E5E}.Release|Any CPU.ActiveCfg = Release|Any CPU
		{DED24C3D-A3BC-426F-AD08-C58D2D2C1E5E}.Release|Any CPU.Build.0 = Release|Any CPU
		{DED24C3D-A3BC-426F-AD08-C58D2D2C1E5E}.Release|Any CPU.Deploy.0 = Release|Any CPU
		{F4B0A026-76E8-423E-867E-BC35CC5093A1}.Debug|Any CPU.ActiveCfg = Debug|Any CPU
		{F4B0A026-76E8-423E-867E-BC35CC5093A1}.Debug|Any CPU.Build.0 = Debug|Any CPU
		{F4B0A026-76E8-423E-867E-BC35CC5093A1}.Debug|Any CPU.Deploy.0 = Debug|Any CPU
		{F4B0A026-76E8-423E-867E-BC35CC5093A1}.Release|Any CPU.ActiveCfg = Release|Any CPU
		{F4B0A026-76E8-423E-867E-BC35CC5093A1}.Release|Any CPU.Build.0 = Release|Any CPU
		{F4B0A026-76E8-423E-867E-BC35CC5093A1}.Release|Any CPU.Deploy.0 = Release|Any CPU
		{12D4D268-9123-4BEC-A506-F6574B9E703B}.Debug|Any CPU.ActiveCfg = Debug|Any CPU
		{12D4D268-9123-4BEC-A506-F6574B9E703B}.Debug|Any CPU.Build.0 = Debug|Any CPU
		{12D4D268-9123-4BEC-A506-F6574B9E703B}.Debug|Any CPU.Deploy.0 = Debug|Any CPU
		{12D4D268-9123-4BEC-A506-F6574B9E703B}.Release|Any CPU.ActiveCfg = Release|Any CPU
		{12D4D268-9123-4BEC-A506-F6574B9E703B}.Release|Any CPU.Build.0 = Release|Any CPU
		{12D4D268-9123-4BEC-A506-F6574B9E703B}.Release|Any CPU.Deploy.0 = Release|Any CPU
		{46FFE65F-E892-446F-87A0-6AE975C7DAFA}.Debug|Any CPU.ActiveCfg = Debug|Any CPU
		{46FFE65F-E892-446F-87A0-6AE975C7DAFA}.Debug|Any CPU.Build.0 = Debug|Any CPU
		{46FFE65F-E892-446F-87A0-6AE975C7DAFA}.Release|Any CPU.ActiveCfg = Release|Any CPU
		{46FFE65F-E892-446F-87A0-6AE975C7DAFA}.Release|Any CPU.Build.0 = Release|Any CPU
		{9A68247A-95BE-4F62-AC53-51BC746FCAAA}.Debug|Any CPU.ActiveCfg = Debug|Any CPU
		{9A68247A-95BE-4F62-AC53-51BC746FCAAA}.Debug|Any CPU.Build.0 = Debug|Any CPU
		{9A68247A-95BE-4F62-AC53-51BC746FCAAA}.Debug|Any CPU.Deploy.0 = Debug|Any CPU
		{9A68247A-95BE-4F62-AC53-51BC746FCAAA}.Release|Any CPU.ActiveCfg = Release|Any CPU
		{9A68247A-95BE-4F62-AC53-51BC746FCAAA}.Release|Any CPU.Build.0 = Release|Any CPU
		{9A68247A-95BE-4F62-AC53-51BC746FCAAA}.Release|Any CPU.Deploy.0 = Release|Any CPU
		{01A7DCCB-3F1B-437F-A191-A8012865CFC3}.Debug|Any CPU.ActiveCfg = Debug|Any CPU
		{01A7DCCB-3F1B-437F-A191-A8012865CFC3}.Debug|Any CPU.Build.0 = Debug|Any CPU
		{01A7DCCB-3F1B-437F-A191-A8012865CFC3}.Debug|Any CPU.Deploy.0 = Debug|Any CPU
		{01A7DCCB-3F1B-437F-A191-A8012865CFC3}.Release|Any CPU.ActiveCfg = Release|Any CPU
		{01A7DCCB-3F1B-437F-A191-A8012865CFC3}.Release|Any CPU.Build.0 = Release|Any CPU
		{01A7DCCB-3F1B-437F-A191-A8012865CFC3}.Release|Any CPU.Deploy.0 = Release|Any CPU
	EndGlobalSection
	GlobalSection(SolutionProperties) = preSolution
		HideSolutionNode = FALSE
	EndGlobalSection
EndGlobal
